
Microsoft Visual Studio Solution File, Format Version 12.00
# Visual Studio Version 16
VisualStudioVersion = 16.0.30002.166
MinimumVisualStudioVersion = 10.0.40219.1
Project("{FAE04EC0-301F-11D3-BF4B-00C04F79EFBC}") = "PdfConverter", "PdfConverter\PdfConverter.csproj", "{6E2A3A49-7357-4D18-B6BF-8494D20B3F46}"
EndProject
Global
	GlobalSection(SolutionConfigurationPlatforms) = preSolution
		Debug|Any CPU = Debug|Any CPU
		Release|Any CPU = Release|Any CPU
	EndGlobalSection
	GlobalSection(ProjectConfigurationPlatforms) = postSolution
		{6E2A3A49-7357-4D18-B6BF-8494D20B3F46}.Debug|Any CPU.ActiveCfg = Debug|Any CPU
		{6E2A3A49-7357-4D18-B6BF-8494D20B3F46}.Debug|Any CPU.Build.0 = Debug|Any CPU
		{6E2A3A49-7357-4D18-B6BF-8494D20B3F46}.Release|Any CPU.ActiveCfg = Release|Any CPU
		{6E2A3A49-7357-4D18-B6BF-8494D20B3F46}.Release|Any CPU.Build.0 = Release|Any CPU
	EndGlobalSection
	GlobalSection(SolutionProperties) = preSolution
		HideSolutionNode = FALSE
	EndGlobalSection
	GlobalSection(ExtensibilityGlobals) = postSolution
		SolutionGuid = {77AB7BFC-B19F-474A-8475-6684A48616FE}
	EndGlobalSection
EndGlobal
